// !$*UTF8*$!
{
	archiveVersion = 1;
	classes = {
	};
	objectVersion = 48;
	objects = {

/* Begin PBXBuildFile section */
		D726196F21070FBA0069368A /* AppDelegate.swift in Sources */ = {isa = PBXBuildFile; fileRef = D726196E21070FBA0069368A /* AppDelegate.swift */; };
		D726197421070FBA0069368A /* Main.storyboard in Resources */ = {isa = PBXBuildFile; fileRef = D726197221070FBA0069368A /* Main.storyboard */; };
		D726197621070FBA0069368A /* Assets.xcassets in Resources */ = {isa = PBXBuildFile; fileRef = D726197521070FBA0069368A /* Assets.xcassets */; };
		D726197921070FBA0069368A /* LaunchScreen.storyboard in Resources */ = {isa = PBXBuildFile; fileRef = D726197721070FBA0069368A /* LaunchScreen.storyboard */; };
		D7261981210711330069368A /* BikeCell.xib in Resources */ = {isa = PBXBuildFile; fileRef = D7261980210711330069368A /* BikeCell.xib */; };
		D7261983210716320069368A /* BikeCell.swift in Sources */ = {isa = PBXBuildFile; fileRef = D7261982210716320069368A /* BikeCell.swift */; };
		D72619852107180A0069368A /* BikeTableViewController.swift in Sources */ = {isa = PBXBuildFile; fileRef = D72619842107180A0069368A /* BikeTableViewController.swift */; };
		D7261987210718D70069368A /* BikeStation.swift in Sources */ = {isa = PBXBuildFile; fileRef = D7261986210718D70069368A /* BikeStation.swift */; };
/* End PBXBuildFile section */

/* Begin PBXFileReference section */
		D726196B21070FBA0069368A /* Bikes.app */ = {isa = PBXFileReference; explicitFileType = wrapper.application; includeInIndex = 0; path = Bikes.app; sourceTree = BUILT_PRODUCTS_DIR; };
		D726196E21070FBA0069368A /* AppDelegate.swift */ = {isa = PBXFileReference; lastKnownFileType = sourcecode.swift; path = AppDelegate.swift; sourceTree = "<group>"; };
		D726197321070FBA0069368A /* Base */ = {isa = PBXFileReference; lastKnownFileType = file.storyboard; name = Base; path = Base.lproj/Main.storyboard; sourceTree = "<group>"; };
		D726197521070FBA0069368A /* Assets.xcassets */ = {isa = PBXFileReference; lastKnownFileType = folder.assetcatalog; path = Assets.xcassets; sourceTree = "<group>"; };
		D726197821070FBA0069368A /* Base */ = {isa = PBXFileReference; lastKnownFileType = file.storyboard; name = Base; path = Base.lproj/LaunchScreen.storyboard; sourceTree = "<group>"; };
		D726197A21070FBA0069368A /* Info.plist */ = {isa = PBXFileReference; lastKnownFileType = text.plist.xml; path = Info.plist; sourceTree = "<group>"; };
		D7261980210711330069368A /* BikeCell.xib */ = {isa = PBXFileReference; lastKnownFileType = file.xib; path = BikeCell.xib; sourceTree = "<group>"; };
		D7261982210716320069368A /* BikeCell.swift */ = {isa = PBXFileReference; lastKnownFileType = sourcecode.swift; path = BikeCell.swift; sourceTree = "<group>"; };
		D72619842107180A0069368A /* BikeTableViewController.swift */ = {isa = PBXFileReference; lastKnownFileType = sourcecode.swift; path = BikeTableViewController.swift; sourceTree = "<group>"; };
		D7261986210718D70069368A /* BikeStation.swift */ = {isa = PBXFileReference; lastKnownFileType = sourcecode.swift; path = BikeStation.swift; sourceTree = "<group>"; };
/* End PBXFileReference section */

/* Begin PBXFrameworksBuildPhase section */
		D726196821070FBA0069368A /* Frameworks */ = {
			isa = PBXFrameworksBuildPhase;
			buildActionMask = 2147483647;
			files = (
			);
			runOnlyForDeploymentPostprocessing = 0;
		};
/* End PBXFrameworksBuildPhase section */

/* Begin PBXGroup section */
		D726196221070FBA0069368A = {
			isa = PBXGroup;
			children = (
				D726196D21070FBA0069368A /* Bikes */,
				D726196C21070FBA0069368A /* Products */,
			);
			sourceTree = "<group>";
		};
		D726196C21070FBA0069368A /* Products */ = {
			isa = PBXGroup;
			children = (
				D726196B21070FBA0069368A /* Bikes.app */,
			);
			name = Products;
			sourceTree = "<group>";
		};
		D726196D21070FBA0069368A /* Bikes */ = {
			isa = PBXGroup;
			children = (
				D726196E21070FBA0069368A /* AppDelegate.swift */,
				D726198A210719090069368A /* Model */,
				D7261989210719000069368A /* Controller */,
				D7261988210718F90069368A /* View */,
				D726197521070FBA0069368A /* Assets.xcassets */,
				D726197721070FBA0069368A /* LaunchScreen.storyboard */,
				D726197A21070FBA0069368A /* Info.plist */,
			);
			path = Bikes;
			sourceTree = "<group>";
		};
		D7261988210718F90069368A /* View */ = {
			isa = PBXGroup;
			children = (
				D7261980210711330069368A /* BikeCell.xib */,
				D726197221070FBA0069368A /* Main.storyboard */,
			);
			path = View;
			sourceTree = "<group>";
		};
		D7261989210719000069368A /* Controller */ = {
			isa = PBXGroup;
			children = (
				D7261982210716320069368A /* BikeCell.swift */,
				D7261986210718D70069368A /* BikeStation.swift */,
				D72619842107180A0069368A /* BikeTableViewController.swift */,
			);
			path = Controller;
			sourceTree = "<group>";
		};
		D726198A210719090069368A /* Model */ = {
			isa = PBXGroup;
			children = (
			);
			path = Model;
			sourceTree = "<group>";
		};
/* End PBXGroup section */

/* Begin PBXNativeTarget section */
		D726196A21070FBA0069368A /* Bikes */ = {
			isa = PBXNativeTarget;
			buildConfigurationList = D726197D21070FBA0069368A /* Build configuration list for PBXNativeTarget "Bikes" */;
			buildPhases = (
				D726196721070FBA0069368A /* Sources */,
				D726196821070FBA0069368A /* Frameworks */,
				D726196921070FBA0069368A /* Resources */,
			);
			buildRules = (
			);
			dependencies = (
			);
			name = Bikes;
			productName = Bikes;
			productReference = D726196B21070FBA0069368A /* Bikes.app */;
			productType = "com.apple.product-type.application";
		};
/* End PBXNativeTarget section */

/* Begin PBXProject section */
		D726196321070FBA0069368A /* Project object */ = {
			isa = PBXProject;
			attributes = {
				LastSwiftUpdateCheck = 0920;
				LastUpgradeCheck = 0920;
				ORGANIZATIONNAME = "Kamil Gacek";
				TargetAttributes = {
					D726196A21070FBA0069368A = {
						CreatedOnToolsVersion = 9.2;
						ProvisioningStyle = Automatic;
					};
				};
			};
			buildConfigurationList = D726196621070FBA0069368A /* Build configuration list for PBXProject "Bikes" */;
			compatibilityVersion = "Xcode 8.0";
			developmentRegion = en;
			hasScannedForEncodings = 0;
			knownRegions = (
				en,
				Base,
			);
			mainGroup = D726196221070FBA0069368A;
			productRefGroup = D726196C21070FBA0069368A /* Products */;
			projectDirPath = "";
			projectRoot = "";
			targets = (
				D726196A21070FBA0069368A /* Bikes */,
			);
		};
/* End PBXProject section */

/* Begin PBXResourcesBuildPhase section */
		D726196921070FBA0069368A /* Resources */ = {
			isa = PBXResourcesBuildPhase;
			buildActionMask = 2147483647;
			files = (
				D7261981210711330069368A /* BikeCell.xib in Resources */,
				D726197921070FBA0069368A /* LaunchScreen.storyboard in Resources */,
				D726197621070FBA0069368A /* Assets.xcassets in Resources */,
				D726197421070FBA0069368A /* Main.storyboard in Resources */,
			);
			runOnlyForDeploymentPostprocessing = 0;
		};
/* End PBXResourcesBuildPhase section */

/* Begin PBXSourcesBuildPhase section */
		D726196721070FBA0069368A /* Sources */ = {
			isa = PBXSourcesBuildPhase;
			buildActionMask = 2147483647;
			files = (
				D7261987210718D70069368A /* BikeStation.swift in Sources */,
				D72619852107180A0069368A /* BikeTableViewController.swift in Sources */,
				D7261983210716320069368A /* BikeCell.swift in Sources */,
				D726196F21070FBA0069368A /* AppDelegate.swift in Sources */,
			);
			runOnlyForDeploymentPostprocessing = 0;
		};
/* End PBXSourcesBuildPhase section */

/* Begin PBXVariantGroup section */
		D726197221070FBA0069368A /* Main.storyboard */ = {
			isa = PBXVariantGroup;
			children = (
				D726197321070FBA0069368A /* Base */,
			);
			name = Main.storyboard;
			sourceTree = "<group>";
		};
		D726197721070FBA0069368A /* LaunchScreen.storyboard */ = {
			isa = PBXVariantGroup;
			children = (
				D726197821070FBA0069368A /* Base */,
			);
			name = LaunchScreen.storyboard;
			sourceTree = "<group>";
		};
/* End PBXVariantGroup section */

/* Begin XCBuildConfiguration section */
		D726197B21070FBA0069368A /* Debug */ = {
			isa = XCBuildConfiguration;
			buildSettings = {
				ALWAYS_SEARCH_USER_PATHS = NO;
				CLANG_ANALYZER_NONNULL = YES;
				CLANG_ANALYZER_NUMBER_OBJECT_CONVERSION = YES_AGGRESSIVE;
				CLANG_CXX_LANGUAGE_STANDARD = "gnu++14";
				CLANG_CXX_LIBRARY = "libc++";
				CLANG_ENABLE_MODULES = YES;
				CLANG_ENABLE_OBJC_ARC = YES;
				CLANG_WARN_BLOCK_CAPTURE_AUTORELEASING = YES;
				CLANG_WARN_BOOL_CONVERSION = YES;
				CLANG_WARN_COMMA = YES;
				CLANG_WARN_CONSTANT_CONVERSION = YES;
				CLANG_WARN_DIRECT_OBJC_ISA_USAGE = YES_ERROR;
				CLANG_WARN_DOCUMENTATION_COMMENTS = YES;
				CLANG_WARN_EMPTY_BODY = YES;
				CLANG_WARN_ENUM_CONVERSION = YES;
				CLANG_WARN_INFINITE_RECURSION = YES;
				CLANG_WARN_INT_CONVERSION = YES;
				CLANG_WARN_NON_LITERAL_NULL_CONVERSION = YES;
				CLANG_WARN_OBJC_LITERAL_CONVERSION = YES;
				CLANG_WARN_OBJC_ROOT_CLASS = YES_ERROR;
				CLANG_WARN_RANGE_LOOP_ANALYSIS = YES;
				CLANG_WARN_STRICT_PROTOTYPES = YES;
				CLANG_WARN_SUSPICIOUS_MOVE = YES;
				CLANG_WARN_UNGUARDED_AVAILABILITY = YES_AGGRESSIVE;
				CLANG_WARN_UNREACHABLE_CODE = YES;
				CLANG_WARN__DUPLICATE_METHOD_MATCH = YES;
				CODE_SIGN_IDENTITY = "iPhone Developer";
				COPY_PHASE_STRIP = NO;
				DEBUG_INFORMATION_FORMAT = dwarf;
				ENABLE_STRICT_OBJC_MSGSEND = YES;
				ENABLE_TESTABILITY = YES;
				GCC_C_LANGUAGE_STANDARD = gnu11;
				GCC_DYNAMIC_NO_PIC = NO;
				GCC_NO_COMMON_BLOCKS = YES;
				GCC_OPTIMIZATION_LEVEL = 0;
				GCC_PREPROCESSOR_DEFINITIONS = (
					"DEBUG=1",
					"$(inherited)",
				);
				GCC_WARN_64_TO_32_BIT_CONVERSION = YES;
				GCC_WARN_ABOUT_RETURN_TYPE = YES_ERROR;
				GCC_WARN_UNDECLARED_SELECTOR = YES;
				GCC_WARN_UNINITIALIZED_AUTOS = YES_AGGRESSIVE;
				GCC_WARN_UNUSED_FUNCTION = YES;
				GCC_WARN_UNUSED_VARIABLE = YES;
				IPHONEOS_DEPLOYMENT_TARGET = 11.2;
				MTL_ENABLE_DEBUG_INFO = YES;
				ONLY_ACTIVE_ARCH = YES;
				SDKROOT = iphoneos;
				SWIFT_ACTIVE_COMPILATION_CONDITIONS = DEBUG;
				SWIFT_OPTIMIZATION_LEVEL = "-Onone";
			};
			name = Debug;
		};
		D726197C21070FBA0069368A /* Release */ = {
			isa = XCBuildConfiguration;
			buildSettings = {
				ALWAYS_SEARCH_USER_PATHS = NO;
				CLANG_ANALYZER_NONNULL = YES;
				CLANG_ANALYZER_NUMBER_OBJECT_CONVERSION = YES_AGGRESSIVE;
				CLANG_CXX_LANGUAGE_STANDARD = "gnu++14";
				CLANG_CXX_LIBRARY = "libc++";
				CLANG_ENABLE_MODULES = YES;
				CLANG_ENABLE_OBJC_ARC = YES;
				CLANG_WARN_BLOCK_CAPTURE_AUTORELEASING = YES;
				CLANG_WARN_BOOL_CONVERSION = YES;
				CLANG_WARN_COMMA = YES;
				CLANG_WARN_CONSTANT_CONVERSION = YES;
				CLANG_WARN_DIRECT_OBJC_ISA_USAGE = YES_ERROR;
				CLANG_WARN_DOCUMENTATION_COMMENTS = YES;
				CLANG_WARN_EMPTY_BODY = YES;
				CLANG_WARN_ENUM_CONVERSION = YES;
				CLANG_WARN_INFINITE_RECURSION = YES;
				CLANG_WARN_INT_CONVERSION = YES;
				CLANG_WARN_NON_LITERAL_NULL_CONVERSION = YES;
				CLANG_WARN_OBJC_LITERAL_CONVERSION = YES;
				CLANG_WARN_OBJC_ROOT_CLASS = YES_ERROR;
				CLANG_WARN_RANGE_LOOP_ANALYSIS = YES;
				CLANG_WARN_STRICT_PROTOTYPES = YES;
				CLANG_WARN_SUSPICIOUS_MOVE = YES;
				CLANG_WARN_UNGUARDED_AVAILABILITY = YES_AGGRESSIVE;
				CLANG_WARN_UNREACHABLE_CODE = YES;
				CLANG_WARN__DUPLICATE_METHOD_MATCH = YES;
				CODE_SIGN_IDENTITY = "iPhone Developer";
				COPY_PHASE_STRIP = NO;
				DEBUG_INFORMATION_FORMAT = "dwarf-with-dsym";
				ENABLE_NS_ASSERTIONS = NO;
				ENABLE_STRICT_OBJC_MSGSEND = YES;
				GCC_C_LANGUAGE_STANDARD = gnu11;
				GCC_NO_COMMON_BLOCKS = YES;
				GCC_WARN_64_TO_32_BIT_CONVERSION = YES;
				GCC_WARN_ABOUT_RETURN_TYPE = YES_ERROR;
				GCC_WARN_UNDECLARED_SELECTOR = YES;
				GCC_WARN_UNINITIALIZED_AUTOS = YES_AGGRESSIVE;
				GCC_WARN_UNUSED_FUNCTION = YES;
				GCC_WARN_UNUSED_VARIABLE = YES;
				IPHONEOS_DEPLOYMENT_TARGET = 11.2;
				MTL_ENABLE_DEBUG_INFO = NO;
				SDKROOT = iphoneos;
				SWIFT_OPTIMIZATION_LEVEL = "-Owholemodule";
				VALIDATE_PRODUCT = YES;
			};
			name = Release;
		};
		D726197E21070FBA0069368A /* Debug */ = {
			isa = XCBuildConfiguration;
			buildSettings = {
				ASSETCATALOG_COMPILER_APPICON_NAME = AppIcon;
				CODE_SIGN_STYLE = Automatic;
				INFOPLIST_FILE = Bikes/Info.plist;
				LD_RUNPATH_SEARCH_PATHS = "$(inherited) @executable_path/Frameworks";
				PRODUCT_BUNDLE_IDENTIFIER = kamil.Bikes;
				PRODUCT_NAME = "$(TARGET_NAME)";
				SWIFT_VERSION = 4.0;
				TARGETED_DEVICE_FAMILY = "1,2";
			};
			name = Debug;
		};
		D726197F21070FBA0069368A /* Release */ = {
			isa = XCBuildConfiguration;
			buildSettings = {
				ASSETCATALOG_COMPILER_APPICON_NAME = AppIcon;
				CODE_SIGN_STYLE = Automatic;
				INFOPLIST_FILE = Bikes/Info.plist;
				LD_RUNPATH_SEARCH_PATHS = "$(inherited) @executable_path/Frameworks";
				PRODUCT_BUNDLE_IDENTIFIER = kamil.Bikes;
				PRODUCT_NAME = "$(TARGET_NAME)";
				SWIFT_VERSION = 4.0;
				TARGETED_DEVICE_FAMILY = "1,2";
			};
			name = Release;
		};
/* End XCBuildConfiguration section */

/* Begin XCConfigurationList section */
		D726196621070FBA0069368A /* Build configuration list for PBXProject "Bikes" */ = {
			isa = XCConfigurationList;
			buildConfigurations = (
				D726197B21070FBA0069368A /* Debug */,
				D726197C21070FBA0069368A /* Release */,
			);
			defaultConfigurationIsVisible = 0;
			defaultConfigurationName = Release;
		};
		D726197D21070FBA0069368A /* Build configuration list for PBXNativeTarget "Bikes" */ = {
			isa = XCConfigurationList;
			buildConfigurations = (
				D726197E21070FBA0069368A /* Debug */,
				D726197F21070FBA0069368A /* Release */,
			);
			defaultConfigurationIsVisible = 0;
			defaultConfigurationName = Release;
		};
/* End XCConfigurationList section */
	};
	rootObject = D726196321070FBA0069368A /* Project object */;
}
